
Microsoft Visual Studio Solution File, Format Version 12.00
# Visual Studio Version 16
VisualStudioVersion = 16.0.30330.147
MinimumVisualStudioVersion = 10.0.40219.1
Project("{9A19103F-16F7-4668-BE54-9A1E7A4F7556}") = "Assignment_1_4", "Assignment_1_3\Assignment_1_4.csproj", "{2A3AD3CF-2495-4361-A62E-01F74A2020EA}"
EndProject
Global
	GlobalSection(SolutionConfigurationPlatforms) = preSolution
		Debug|Any CPU = Debug|Any CPU
		Release|Any CPU = Release|Any CPU
	EndGlobalSection
	GlobalSection(ProjectConfigurationPlatforms) = postSolution
		{2A3AD3CF-2495-4361-A62E-01F74A2020EA}.Debug|Any CPU.ActiveCfg = Debug|Any CPU
		{2A3AD3CF-2495-4361-A62E-01F74A2020EA}.Debug|Any CPU.Build.0 = Debug|Any CPU
		{2A3AD3CF-2495-4361-A62E-01F74A2020EA}.Release|Any CPU.ActiveCfg = Release|Any CPU
		{2A3AD3CF-2495-4361-A62E-01F74A2020EA}.Release|Any CPU.Build.0 = Release|Any CPU
	EndGlobalSection
	GlobalSection(SolutionProperties) = preSolution
		HideSolutionNode = FALSE
	EndGlobalSection
	GlobalSection(ExtensibilityGlobals) = postSolution
		SolutionGuid = {EEC0395C-5549-49B7-92D0-8A3A77A6705E}
	EndGlobalSection
EndGlobal
